
Microsoft Visual Studio Solution File, Format Version 12.00
# Visual Studio Version 16
VisualStudioVersion = 16.0.31727.386
MinimumVisualStudioVersion = 10.0.40219.1
Project("{9A19103F-16F7-4668-BE54-9A1E7A4F7556}") = "TaskSolutions", "TaskSolutions.csproj", "{A7AC2024-6E19-4417-A5C4-AC54DEA42F77}"
EndProject
Project("{9A19103F-16F7-4668-BE54-9A1E7A4F7556}") = "TestTaskSolutions", "..\TestTaskSolutions\TestTaskSolutions.csproj", "{CD44ADE9-26FD-4A1F-9E32-DC8D770D7BE3}"
EndProject
Project("{9A19103F-16F7-4668-BE54-9A1E7A4F7556}") = "ConsoleTesting", "..\ConsoleTesting\ConsoleTesting.csproj", "{965D857B-EE79-4582-B4B7-CE4044C0C563}"
EndProject
Project("{9A19103F-16F7-4668-BE54-9A1E7A4F7556}") = "DatabaseSimulation", "..\DatabaseSimulation\DatabaseSimulation.csproj", "{978E1E46-7009-4F0D-A7A5-D7AD9952CFB1}"
EndProject
Project("{FAE04EC0-301F-11D3-BF4B-00C04F79EFBC}") = "Simulation.Console", "..\Simulation.Console\Simulation.Console.csproj", "{7A948604-2187-4F37-BB9A-F23EFB9AD6FA}"
EndProject
Global
	GlobalSection(SolutionConfigurationPlatforms) = preSolution
		Debug|Any CPU = Debug|Any CPU
		Release|Any CPU = Release|Any CPU
	EndGlobalSection
	GlobalSection(ProjectConfigurationPlatforms) = postSolution
		{A7AC2024-6E19-4417-A5C4-AC54DEA42F77}.Debug|Any CPU.ActiveCfg = Debug|Any CPU
		{A7AC2024-6E19-4417-A5C4-AC54DEA42F77}.Debug|Any CPU.Build.0 = Debug|Any CPU
		{A7AC2024-6E19-4417-A5C4-AC54DEA42F77}.Release|Any CPU.ActiveCfg = Release|Any CPU
		{A7AC2024-6E19-4417-A5C4-AC54DEA42F77}.Release|Any CPU.Build.0 = Release|Any CPU
		{CD44ADE9-26FD-4A1F-9E32-DC8D770D7BE3}.Debug|Any CPU.ActiveCfg = Debug|Any CPU
		{CD44ADE9-26FD-4A1F-9E32-DC8D770D7BE3}.Debug|Any CPU.Build.0 = Debug|Any CPU
		{CD44ADE9-26FD-4A1F-9E32-DC8D770D7BE3}.Release|Any CPU.ActiveCfg = Release|Any CPU
		{CD44ADE9-26FD-4A1F-9E32-DC8D770D7BE3}.Release|Any CPU.Build.0 = Release|Any CPU
		{965D857B-EE79-4582-B4B7-CE4044C0C563}.Debug|Any CPU.ActiveCfg = Debug|Any CPU
		{965D857B-EE79-4582-B4B7-CE4044C0C563}.Debug|Any CPU.Build.0 = Debug|Any CPU
		{965D857B-EE79-4582-B4B7-CE4044C0C563}.Release|Any CPU.ActiveCfg = Release|Any CPU
		{965D857B-EE79-4582-B4B7-CE4044C0C563}.Release|Any CPU.Build.0 = Release|Any CPU
		{978E1E46-7009-4F0D-A7A5-D7AD9952CFB1}.Debug|Any CPU.ActiveCfg = Debug|Any CPU
		{978E1E46-7009-4F0D-A7A5-D7AD9952CFB1}.Debug|Any CPU.Build.0 = Debug|Any CPU
		{978E1E46-7009-4F0D-A7A5-D7AD9952CFB1}.Release|Any CPU.ActiveCfg = Release|Any CPU
		{978E1E46-7009-4F0D-A7A5-D7AD9952CFB1}.Release|Any CPU.Build.0 = Release|Any CPU
		{7A948604-2187-4F37-BB9A-F23EFB9AD6FA}.Debug|Any CPU.ActiveCfg = Debug|Any CPU
		{7A948604-2187-4F37-BB9A-F23EFB9AD6FA}.Debug|Any CPU.Build.0 = Debug|Any CPU
		{7A948604-2187-4F37-BB9A-F23EFB9AD6FA}.Release|Any CPU.ActiveCfg = Release|Any CPU
		{7A948604-2187-4F37-BB9A-F23EFB9AD6FA}.Release|Any CPU.Build.0 = Release|Any CPU
	EndGlobalSection
	GlobalSection(SolutionProperties) = preSolution
		HideSolutionNode = FALSE
	EndGlobalSection
	GlobalSection(ExtensibilityGlobals) = postSolution
		SolutionGuid = {E19E4646-C9D5-4093-8973-BDD5761AF8E3}
	EndGlobalSection
EndGlobal
